
Microsoft Visual Studio Solution File, Format Version 12.00
# Visual Studio Version 16
VisualStudioVersion = 16.0.31105.61
MinimumVisualStudioVersion = 10.0.40219.1
Project("{FAE04EC0-301F-11D3-BF4B-00C04F79EFBC}") = "RSA", "RSA\RSA.csproj", "{7588BB5B-6D08-4E01-8058-B1091965C825}"
EndProject
Global
	GlobalSection(SolutionConfigurationPlatforms) = preSolution
		Debug|Any CPU = Debug|Any CPU
		Release|Any CPU = Release|Any CPU
	EndGlobalSection
	GlobalSection(ProjectConfigurationPlatforms) = postSolution
		{7588BB5B-6D08-4E01-8058-B1091965C825}.Debug|Any CPU.ActiveCfg = Debug|Any CPU
		{7588BB5B-6D08-4E01-8058-B1091965C825}.Debug|Any CPU.Build.0 = Debug|Any CPU
		{7588BB5B-6D08-4E01-8058-B1091965C825}.Release|Any CPU.ActiveCfg = Release|Any CPU
		{7588BB5B-6D08-4E01-8058-B1091965C825}.Release|Any CPU.Build.0 = Release|Any CPU
	EndGlobalSection
	GlobalSection(SolutionProperties) = preSolution
		HideSolutionNode = FALSE
	EndGlobalSection
	GlobalSection(ExtensibilityGlobals) = postSolution
		SolutionGuid = {4BB085FD-E0F1-493C-A518-49B4E5AE2C5B}
	EndGlobalSection
EndGlobal
